
Microsoft Visual Studio Solution File, Format Version 12.00
# Visual Studio Version 17
VisualStudioVersion = 17.8.34309.116
MinimumVisualStudioVersion = 10.0.40219.1
Project("{FAE04EC0-301F-11D3-BF4B-00C04F79EFBC}") = "ApiDemo", "src\ApiDemo\ApiDemo.csproj", "{A9D33193-F343-4FE8-8C71-B59AC1B90ACC}"
EndProject
Project("{2150E333-8FDC-42A3-9474-1A3956D46DE8}") = "src", "src", "{5FDBD415-7AF4-43C5-A29E-A9720BD1537F}"
EndProject
Project("{FAE04EC0-301F-11D3-BF4B-00C04F79EFBC}") = "ApiDemo.Application", "src\ApiDemo.Application\ApiDemo.Application.csproj", "{E733FC1C-1354-4301-8EDE-F22664F30F42}"
EndProject
Global
	GlobalSection(SolutionConfigurationPlatforms) = preSolution
		Debug|Any CPU = Debug|Any CPU
		Release|Any CPU = Release|Any CPU
	EndGlobalSection
	GlobalSection(ProjectConfigurationPlatforms) = postSolution
		{A9D33193-F343-4FE8-8C71-B59AC1B90ACC}.Debug|Any CPU.ActiveCfg = Debug|Any CPU
		{A9D33193-F343-4FE8-8C71-B59AC1B90ACC}.Debug|Any CPU.Build.0 = Debug|Any CPU
		{A9D33193-F343-4FE8-8C71-B59AC1B90ACC}.Release|Any CPU.ActiveCfg = Release|Any CPU
		{A9D33193-F343-4FE8-8C71-B59AC1B90ACC}.Release|Any CPU.Build.0 = Release|Any CPU
		{E733FC1C-1354-4301-8EDE-F22664F30F42}.Debug|Any CPU.ActiveCfg = Debug|Any CPU
		{E733FC1C-1354-4301-8EDE-F22664F30F42}.Debug|Any CPU.Build.0 = Debug|Any CPU
		{E733FC1C-1354-4301-8EDE-F22664F30F42}.Release|Any CPU.ActiveCfg = Release|Any CPU
		{E733FC1C-1354-4301-8EDE-F22664F30F42}.Release|Any CPU.Build.0 = Release|Any CPU
	EndGlobalSection
	GlobalSection(SolutionProperties) = preSolution
		HideSolutionNode = FALSE
	EndGlobalSection
	GlobalSection(NestedProjects) = preSolution
		{A9D33193-F343-4FE8-8C71-B59AC1B90ACC} = {5FDBD415-7AF4-43C5-A29E-A9720BD1537F}
		{E733FC1C-1354-4301-8EDE-F22664F30F42} = {5FDBD415-7AF4-43C5-A29E-A9720BD1537F}
	EndGlobalSection
	GlobalSection(ExtensibilityGlobals) = postSolution
		SolutionGuid = {F8A33917-A518-46E0-B6B0-FDC20E069DA5}
	EndGlobalSection
EndGlobal
